
Microsoft Visual Studio Solution File, Format Version 12.00
# Visual Studio Version 17
VisualStudioVersion = 17.8.34330.188
MinimumVisualStudioVersion = 10.0.40219.1
Project("{9A19103F-16F7-4668-BE54-9A1E7A4F7556}") = "ProgettoCloud_SSDPP", "ProgettoCloud_SSDPP.csproj", "{8BC9CD79-5047-4122-9281-408BC80249F9}"
	ProjectSection(ProjectDependencies) = postProject
		{64E6D8EA-4532-4280-B53A-65A27ACBC3A5} = {64E6D8EA-4532-4280-B53A-65A27ACBC3A5}
	EndProjectSection
EndProject
Project("{FAE04EC0-301F-11D3-BF4B-00C04F79EFBC}") = "TrentinoService", "..\TrentinoService\TrentinoService.csproj", "{64E6D8EA-4532-4280-B53A-65A27ACBC3A5}"
EndProject
Global
	GlobalSection(SolutionConfigurationPlatforms) = preSolution
		Debug|Any CPU = Debug|Any CPU
		Release|Any CPU = Release|Any CPU
	EndGlobalSection
	GlobalSection(ProjectConfigurationPlatforms) = postSolution
		{8BC9CD79-5047-4122-9281-408BC80249F9}.Debug|Any CPU.ActiveCfg = Debug|Any CPU
		{8BC9CD79-5047-4122-9281-408BC80249F9}.Debug|Any CPU.Build.0 = Debug|Any CPU
		{8BC9CD79-5047-4122-9281-408BC80249F9}.Release|Any CPU.ActiveCfg = Release|Any CPU
		{8BC9CD79-5047-4122-9281-408BC80249F9}.Release|Any CPU.Build.0 = Release|Any CPU
		{64E6D8EA-4532-4280-B53A-65A27ACBC3A5}.Debug|Any CPU.ActiveCfg = Debug|Any CPU
		{64E6D8EA-4532-4280-B53A-65A27ACBC3A5}.Debug|Any CPU.Build.0 = Debug|Any CPU
		{64E6D8EA-4532-4280-B53A-65A27ACBC3A5}.Release|Any CPU.ActiveCfg = Release|Any CPU
		{64E6D8EA-4532-4280-B53A-65A27ACBC3A5}.Release|Any CPU.Build.0 = Release|Any CPU
	EndGlobalSection
	GlobalSection(SolutionProperties) = preSolution
		HideSolutionNode = FALSE
	EndGlobalSection
	GlobalSection(ExtensibilityGlobals) = postSolution
		SolutionGuid = {3672CE5D-3D1F-4908-A54E-505A9D793FB2}
	EndGlobalSection
EndGlobal
